
Microsoft Visual Studio Solution File, Format Version 11.00
# Visual Studio 2010
Project("{FAE04EC0-301F-11D3-BF4B-00C04F79EFBC}") = "EntityFrameworkWithSQLCompactDB", "SDFDemo\EntityFrameworkWithSQLCompactDB.csproj", "{FA3FA9D2-3958-4F16-96C3-6A199339BD23}"
EndProject
Project("{2150E333-8FDC-42A3-9474-1A3956D46DE8}") = "SQLite", "SQLite", "{524B55B5-6696-43BC-BCFA-1105C7D74C51}"
EndProject
Project("{2150E333-8FDC-42A3-9474-1A3956D46DE8}") = "SQL Server Compact Edition", "SQL Server Compact Edition", "{656EFE6F-A8E0-4805-BA9E-9DD9D6D0D831}"
EndProject
Project("{2150E333-8FDC-42A3-9474-1A3956D46DE8}") = "My SQL", "My SQL", "{CE92C288-E715-4C81-AC6E-DECC5CB6F663}"
EndProject
Project("{2150E333-8FDC-42A3-9474-1A3956D46DE8}") = "Firebird", "Firebird", "{1385D524-DA28-4B0F-9FDC-4819A13F7D88}"
EndProject
Project("{2150E333-8FDC-42A3-9474-1A3956D46DE8}") = "EntityFramework", "EntityFramework", "{B64FB9F9-5EB0-45FD-8E3E-64F520981ECC}"
EndProject
Project("{2150E333-8FDC-42A3-9474-1A3956D46DE8}") = "LinqToSql", "LinqToSql", "{938CDAD4-D701-4280-A1F6-16F99FC8A5FF}"
EndProject
Project("{2150E333-8FDC-42A3-9474-1A3956D46DE8}") = "SubsSonic", "SubsSonic", "{8FEB83F6-549D-4C15-915E-90F31BD58D25}"
EndProject
Project("{2150E333-8FDC-42A3-9474-1A3956D46DE8}") = "BLToolkit", "BLToolkit", "{27D70ED9-060E-4A19-9066-B8A55E163EF0}"
EndProject
Project("{2150E333-8FDC-42A3-9474-1A3956D46DE8}") = "NHibernet", "NHibernet", "{B8FB333D-2584-4512-8811-7E7A7994CA1E}"
EndProject
Project("{2150E333-8FDC-42A3-9474-1A3956D46DE8}") = "Oracle", "Oracle", "{4653D52F-6C86-4241-B62D-30C60CF8FC02}"
EndProject
Project("{2150E333-8FDC-42A3-9474-1A3956D46DE8}") = "Portage", "Portage", "{90F92733-7F17-48DE-802A-48D96762562C}"
EndProject
Project("{2150E333-8FDC-42A3-9474-1A3956D46DE8}") = "PostgreSQL", "PostgreSQL", "{2BB49ADB-D69C-43BA-9699-AD5FC5C2A8F5}"
EndProject
Project("{2150E333-8FDC-42A3-9474-1A3956D46DE8}") = "SQLServer", "SQLServer", "{A1D10F47-95C4-4F4D-BE6A-BE1BC130851B}"
EndProject
Project("{2150E333-8FDC-42A3-9474-1A3956D46DE8}") = "EntityFramework", "EntityFramework", "{D1F0D8EC-3D33-4C19-B380-932BE9AB6F64}"
EndProject
Project("{2150E333-8FDC-42A3-9474-1A3956D46DE8}") = "Database", "Database", "{69495810-465D-4744-B1D5-E476F4FE054E}"
EndProject
Project("{2150E333-8FDC-42A3-9474-1A3956D46DE8}") = "NorthwindAccess", "NorthwindAccess", "{6933FBAC-E5A0-498D-BA9F-5193F2C8E69E}"
	ProjectSection(SolutionItems) = preProject
		Database\NorthwindAccess\Nwind.mdb = Database\NorthwindAccess\Nwind.mdb
	EndProjectSection
EndProject
Project("{2150E333-8FDC-42A3-9474-1A3956D46DE8}") = "NorthwindMySQL", "NorthwindMySQL", "{462CA4AC-1714-4EA8-B425-FCE962384132}"
	ProjectSection(SolutionItems) = preProject
		Database\NorthwindMySQL\northwind.sql = Database\NorthwindMySQL\northwind.sql
	EndProjectSection
EndProject
Project("{2150E333-8FDC-42A3-9474-1A3956D46DE8}") = "SQL2000SampleDb", "SQL2000SampleDb", "{B95979E7-1274-495B-BC4E-CAECDACCDA0F}"
	ProjectSection(SolutionItems) = preProject
		Database\SQL2000SampleDb\SQL2000SampleDb.msi = Database\SQL2000SampleDb\SQL2000SampleDb.msi
	EndProjectSection
EndProject
Project("{2150E333-8FDC-42A3-9474-1A3956D46DE8}") = "SqlServerCompackEdition", "SqlServerCompackEdition", "{85F2BBCA-B4C2-4B32-8136-D5ED3D649F2E}"
	ProjectSection(SolutionItems) = preProject
		Database\SqlServerCompackEdition\Northwind.sdf = Database\SqlServerCompackEdition\Northwind.sdf
	EndProjectSection
EndProject
Project("{2150E333-8FDC-42A3-9474-1A3956D46DE8}") = "v.4.1", "v.4.1", "{9D7BD01C-0B5E-4DA8-8751-703E32BE4A83}"
EndProject
Project("{2150E333-8FDC-42A3-9474-1A3956D46DE8}") = "Lib", "Lib", "{879B0B8D-5C48-4F63-98BB-013FEBED078D}"
EndProject
Project("{2150E333-8FDC-42A3-9474-1A3956D46DE8}") = "bltoolkit_bin", "bltoolkit_bin", "{C08B990D-F9F6-4C36-8DAD-EDC34760D653}"
EndProject
Project("{2150E333-8FDC-42A3-9474-1A3956D46DE8}") = "v.4.1", "v.4.1", "{58D0E1EA-F714-43B5-B1D1-62CD4F05DFC7}"
	ProjectSection(SolutionItems) = preProject
		Lib\bltoolkit_bin\v.4.1\BLTgen.4.exe = Lib\bltoolkit_bin\v.4.1\BLTgen.4.exe
		Lib\bltoolkit_bin\v.4.1\BLTgen.exe = Lib\bltoolkit_bin\v.4.1\BLTgen.exe
		Lib\bltoolkit_bin\v.4.1\BLToolkit.3.dll = Lib\bltoolkit_bin\v.4.1\BLToolkit.3.dll
		Lib\bltoolkit_bin\v.4.1\BLToolkit.4.dll = Lib\bltoolkit_bin\v.4.1\BLToolkit.4.dll
		Lib\bltoolkit_bin\v.4.1\BLToolkit.SL.4.dll = Lib\bltoolkit_bin\v.4.1\BLToolkit.SL.4.dll
	EndProjectSection
EndProject
Project("{2150E333-8FDC-42A3-9474-1A3956D46DE8}") = "Data", "Data", "{17042D16-F44F-48DD-979D-48139B6D288B}"
EndProject
Project("{2150E333-8FDC-42A3-9474-1A3956D46DE8}") = "DataProviders", "DataProviders", "{DAF4A8C7-F1C3-4DD8-8093-107B035C9274}"
	ProjectSection(SolutionItems) = preProject
		Lib\bltoolkit_bin\v.4.1\DataProviders\BLToolkit.Data.DataProvider.DB2.3.dll = Lib\bltoolkit_bin\v.4.1\DataProviders\BLToolkit.Data.DataProvider.DB2.3.dll
		Lib\bltoolkit_bin\v.4.1\DataProviders\BLToolkit.Data.DataProvider.DB2.4.dll = Lib\bltoolkit_bin\v.4.1\DataProviders\BLToolkit.Data.DataProvider.DB2.4.dll
		Lib\bltoolkit_bin\v.4.1\DataProviders\BLToolkit.Data.DataProvider.Firebird.3.dll = Lib\bltoolkit_bin\v.4.1\DataProviders\BLToolkit.Data.DataProvider.Firebird.3.dll
		Lib\bltoolkit_bin\v.4.1\DataProviders\BLToolkit.Data.DataProvider.Firebird.4.dll = Lib\bltoolkit_bin\v.4.1\DataProviders\BLToolkit.Data.DataProvider.Firebird.4.dll
		Lib\bltoolkit_bin\v.4.1\DataProviders\BLToolkit.Data.DataProvider.Informix.3.dll = Lib\bltoolkit_bin\v.4.1\DataProviders\BLToolkit.Data.DataProvider.Informix.3.dll
		Lib\bltoolkit_bin\v.4.1\DataProviders\BLToolkit.Data.DataProvider.Informix.4.dll = Lib\bltoolkit_bin\v.4.1\DataProviders\BLToolkit.Data.DataProvider.Informix.4.dll
		Lib\bltoolkit_bin\v.4.1\DataProviders\BLToolkit.Data.DataProvider.MySql.3.dll = Lib\bltoolkit_bin\v.4.1\DataProviders\BLToolkit.Data.DataProvider.MySql.3.dll
		Lib\bltoolkit_bin\v.4.1\DataProviders\BLToolkit.Data.DataProvider.MySql.4.dll = Lib\bltoolkit_bin\v.4.1\DataProviders\BLToolkit.Data.DataProvider.MySql.4.dll
		Lib\bltoolkit_bin\v.4.1\DataProviders\BLToolkit.Data.DataProvider.Oracle.3.dll = Lib\bltoolkit_bin\v.4.1\DataProviders\BLToolkit.Data.DataProvider.Oracle.3.dll
		Lib\bltoolkit_bin\v.4.1\DataProviders\BLToolkit.Data.DataProvider.Oracle.4.dll = Lib\bltoolkit_bin\v.4.1\DataProviders\BLToolkit.Data.DataProvider.Oracle.4.dll
		Lib\bltoolkit_bin\v.4.1\DataProviders\BLToolkit.Data.DataProvider.PostgreSQL.3.dll = Lib\bltoolkit_bin\v.4.1\DataProviders\BLToolkit.Data.DataProvider.PostgreSQL.3.dll
		Lib\bltoolkit_bin\v.4.1\DataProviders\BLToolkit.Data.DataProvider.PostgreSQL.4.dll = Lib\bltoolkit_bin\v.4.1\DataProviders\BLToolkit.Data.DataProvider.PostgreSQL.4.dll
		Lib\bltoolkit_bin\v.4.1\DataProviders\BLToolkit.Data.DataProvider.SqlCe.3.dll = Lib\bltoolkit_bin\v.4.1\DataProviders\BLToolkit.Data.DataProvider.SqlCe.3.dll
		Lib\bltoolkit_bin\v.4.1\DataProviders\BLToolkit.Data.DataProvider.SqlCe.4.dll = Lib\bltoolkit_bin\v.4.1\DataProviders\BLToolkit.Data.DataProvider.SqlCe.4.dll
		Lib\bltoolkit_bin\v.4.1\DataProviders\BLToolkit.Data.DataProvider.SQLite.3.dll = Lib\bltoolkit_bin\v.4.1\DataProviders\BLToolkit.Data.DataProvider.SQLite.3.dll
		Lib\bltoolkit_bin\v.4.1\DataProviders\BLToolkit.Data.DataProvider.SQLite.4.dll = Lib\bltoolkit_bin\v.4.1\DataProviders\BLToolkit.Data.DataProvider.SQLite.4.dll
		Lib\bltoolkit_bin\v.4.1\DataProviders\BLToolkit.Data.DataProvider.Sybase.3.dll = Lib\bltoolkit_bin\v.4.1\DataProviders\BLToolkit.Data.DataProvider.Sybase.3.dll
		Lib\bltoolkit_bin\v.4.1\DataProviders\BLToolkit.Data.DataProvider.Sybase.4.dll = Lib\bltoolkit_bin\v.4.1\DataProviders\BLToolkit.Data.DataProvider.Sybase.4.dll
	EndProjectSection
EndProject
Project("{2150E333-8FDC-42A3-9474-1A3956D46DE8}") = "DataProvider", "DataProvider", "{8537871C-2089-4F5A-A295-4C03839616C8}"
	ProjectSection(SolutionItems) = preProject
		Lib\bltoolkit_bin\v.4.1\Data\DataProvider\AccessDataProvider.cs = Lib\bltoolkit_bin\v.4.1\Data\DataProvider\AccessDataProvider.cs
		Lib\bltoolkit_bin\v.4.1\Data\DataProvider\ConvertType.cs = Lib\bltoolkit_bin\v.4.1\Data\DataProvider\ConvertType.cs
		Lib\bltoolkit_bin\v.4.1\Data\DataProvider\DataProviderBase.cs = Lib\bltoolkit_bin\v.4.1\Data\DataProvider\DataProviderBase.cs
		Lib\bltoolkit_bin\v.4.1\Data\DataProvider\DB2DataProvider.cs = Lib\bltoolkit_bin\v.4.1\Data\DataProvider\DB2DataProvider.cs
		Lib\bltoolkit_bin\v.4.1\Data\DataProvider\FdpDataProvider.cs = Lib\bltoolkit_bin\v.4.1\Data\DataProvider\FdpDataProvider.cs
		Lib\bltoolkit_bin\v.4.1\Data\DataProvider\FirebirdMappingSchema.cs = Lib\bltoolkit_bin\v.4.1\Data\DataProvider\FirebirdMappingSchema.cs
		Lib\bltoolkit_bin\v.4.1\Data\DataProvider\InformixDataProvider.cs = Lib\bltoolkit_bin\v.4.1\Data\DataProvider\InformixDataProvider.cs
		Lib\bltoolkit_bin\v.4.1\Data\DataProvider\MonoSqliteDataProvider.cs = Lib\bltoolkit_bin\v.4.1\Data\DataProvider\MonoSqliteDataProvider.cs
		Lib\bltoolkit_bin\v.4.1\Data\DataProvider\MySqlDataProvider.cs = Lib\bltoolkit_bin\v.4.1\Data\DataProvider\MySqlDataProvider.cs
		Lib\bltoolkit_bin\v.4.1\Data\DataProvider\OdbcDataProvider.cs = Lib\bltoolkit_bin\v.4.1\Data\DataProvider\OdbcDataProvider.cs
		Lib\bltoolkit_bin\v.4.1\Data\DataProvider\OdpDataProvider.cs = Lib\bltoolkit_bin\v.4.1\Data\DataProvider\OdpDataProvider.cs
		Lib\bltoolkit_bin\v.4.1\Data\DataProvider\OleDbDataProvider.cs = Lib\bltoolkit_bin\v.4.1\Data\DataProvider\OleDbDataProvider.cs
		Lib\bltoolkit_bin\v.4.1\Data\DataProvider\OracleDataProvider.cs = Lib\bltoolkit_bin\v.4.1\Data\DataProvider\OracleDataProvider.cs
		Lib\bltoolkit_bin\v.4.1\Data\DataProvider\PostgreSQLDataProvider.cs = Lib\bltoolkit_bin\v.4.1\Data\DataProvider\PostgreSQLDataProvider.cs
		Lib\bltoolkit_bin\v.4.1\Data\DataProvider\ProviderName.cs = Lib\bltoolkit_bin\v.4.1\Data\DataProvider\ProviderName.cs
		Lib\bltoolkit_bin\v.4.1\Data\DataProvider\Sql2008DataProvider.cs = Lib\bltoolkit_bin\v.4.1\Data\DataProvider\Sql2008DataProvider.cs
		Lib\bltoolkit_bin\v.4.1\Data\DataProvider\SqlCeDataProvider.cs = Lib\bltoolkit_bin\v.4.1\Data\DataProvider\SqlCeDataProvider.cs
		Lib\bltoolkit_bin\v.4.1\Data\DataProvider\SqlDataProvider.cs = Lib\bltoolkit_bin\v.4.1\Data\DataProvider\SqlDataProvider.cs
		Lib\bltoolkit_bin\v.4.1\Data\DataProvider\SqlDataProviderBase.cs = Lib\bltoolkit_bin\v.4.1\Data\DataProvider\SqlDataProviderBase.cs
		Lib\bltoolkit_bin\v.4.1\Data\DataProvider\SQLiteDataProvider.cs = Lib\bltoolkit_bin\v.4.1\Data\DataProvider\SQLiteDataProvider.cs
		Lib\bltoolkit_bin\v.4.1\Data\DataProvider\SybaseAdoDataProvider.cs = Lib\bltoolkit_bin\v.4.1\Data\DataProvider\SybaseAdoDataProvider.cs
		Lib\bltoolkit_bin\v.4.1\Data\DataProvider\SybaseDataProvider.cs = Lib\bltoolkit_bin\v.4.1\Data\DataProvider\SybaseDataProvider.cs
	EndProjectSection
EndProject
Project("{2150E333-8FDC-42A3-9474-1A3956D46DE8}") = "SubSonic 3.0.0.4", "SubSonic 3.0.0.4", "{07E55AF5-E34B-4891-858F-42AFC9225B6D}"
	ProjectSection(SolutionItems) = preProject
		Lib\SubSonic 3.0.0.4\LICENSE.txt = Lib\SubSonic 3.0.0.4\LICENSE.txt
	EndProjectSection
EndProject
Project("{2150E333-8FDC-42A3-9474-1A3956D46DE8}") = "SubSonic", "SubSonic", "{3ADAAB62-4836-4E3F-87A7-68CBD28CFDFD}"
EndProject
Project("{FAE04EC0-301F-11D3-BF4B-00C04F79EFBC}") = "MySqlWithSubsonic", "MySqlWithSubsonic\MySqlWithSubsonic.csproj", "{D6FBD016-53F1-4ECD-806E-EDFDBF6B6D7B}"
EndProject
Project("{2150E333-8FDC-42A3-9474-1A3956D46DE8}") = "BLToolkit", "BLToolkit", "{872FDC7A-530C-46D9-B3A2-FBA63FE80AC5}"
EndProject
Project("{2150E333-8FDC-42A3-9474-1A3956D46DE8}") = "BLTollkitTemplate", "BLTollkitTemplate", "{696D21EF-0A78-4AC4-91C9-313852B2E3CB}"
EndProject
Project("{2150E333-8FDC-42A3-9474-1A3956D46DE8}") = "Templates", "Templates", "{77F42E7B-111B-4967-93FC-105AD8401182}"
	ProjectSection(SolutionItems) = preProject
		Lib\BLTollkitTemplate\Templates\BLT4Toolkit.ttinclude = Lib\BLTollkitTemplate\Templates\BLT4Toolkit.ttinclude
		Lib\BLTollkitTemplate\Templates\BLToolkit.ttinclude = Lib\BLTollkitTemplate\Templates\BLToolkit.ttinclude
		Lib\BLTollkitTemplate\Templates\BLToolkitConstants.Revision.cs.template = Lib\BLTollkitTemplate\Templates\BLToolkitConstants.Revision.cs.template
		Lib\BLTollkitTemplate\Templates\MSSQL.ttinclude = Lib\BLTollkitTemplate\Templates\MSSQL.ttinclude
		Lib\BLTollkitTemplate\Templates\MySql.ttinclude = Lib\BLTollkitTemplate\Templates\MySql.ttinclude
		Lib\BLTollkitTemplate\Templates\PluralSingular.ttinclude = Lib\BLTollkitTemplate\Templates\PluralSingular.ttinclude
		Lib\BLTollkitTemplate\Templates\PostgreSQL.ttinclude = Lib\BLTollkitTemplate\Templates\PostgreSQL.ttinclude
		Lib\BLTollkitTemplate\Templates\Sybase.ttinclude = Lib\BLTollkitTemplate\Templates\Sybase.ttinclude
		Lib\BLTollkitTemplate\Templates\ValidationAttributes.ttinclude = Lib\BLTollkitTemplate\Templates\ValidationAttributes.ttinclude
		Lib\BLTollkitTemplate\Templates\VB.ttinclude = Lib\BLTollkitTemplate\Templates\VB.ttinclude
		Lib\BLTollkitTemplate\Templates\WCFAttributes.ttinclude = Lib\BLTollkitTemplate\Templates\WCFAttributes.ttinclude
	EndProjectSection
EndProject
Project("{FAE04EC0-301F-11D3-BF4B-00C04F79EFBC}") = "MySqlBTToolKit", "MySqlBTToolKit\MySqlBTToolKit.csproj", "{F7D040B7-6A73-44F0-AD66-0FB43EE6F662}"
EndProject
Project("{2150E333-8FDC-42A3-9474-1A3956D46DE8}") = "Sybase", "Sybase", "{48E3C95C-1C93-493F-9A93-5DCABEB21F39}"
EndProject
Project("{2150E333-8FDC-42A3-9474-1A3956D46DE8}") = "MySql", "MySql", "{60384BC1-5B97-4B56-81AD-832DC6029C6E}"
	ProjectSection(SolutionItems) = preProject
		Lib\MySql\MySql.Data.dll = Lib\MySql\MySql.Data.dll
	EndProjectSection
EndProject
Global
	GlobalSection(SolutionConfigurationPlatforms) = preSolution
		Debug|x86 = Debug|x86
		Release|x86 = Release|x86
	EndGlobalSection
	GlobalSection(ProjectConfigurationPlatforms) = postSolution
		{FA3FA9D2-3958-4F16-96C3-6A199339BD23}.Debug|x86.ActiveCfg = Debug|x86
		{FA3FA9D2-3958-4F16-96C3-6A199339BD23}.Debug|x86.Build.0 = Debug|x86
		{FA3FA9D2-3958-4F16-96C3-6A199339BD23}.Release|x86.ActiveCfg = Release|x86
		{FA3FA9D2-3958-4F16-96C3-6A199339BD23}.Release|x86.Build.0 = Release|x86
		{D6FBD016-53F1-4ECD-806E-EDFDBF6B6D7B}.Debug|x86.ActiveCfg = Debug|x86
		{D6FBD016-53F1-4ECD-806E-EDFDBF6B6D7B}.Debug|x86.Build.0 = Debug|x86
		{D6FBD016-53F1-4ECD-806E-EDFDBF6B6D7B}.Release|x86.ActiveCfg = Release|x86
		{D6FBD016-53F1-4ECD-806E-EDFDBF6B6D7B}.Release|x86.Build.0 = Release|x86
		{F7D040B7-6A73-44F0-AD66-0FB43EE6F662}.Debug|x86.ActiveCfg = Debug|x86
		{F7D040B7-6A73-44F0-AD66-0FB43EE6F662}.Debug|x86.Build.0 = Debug|x86
		{F7D040B7-6A73-44F0-AD66-0FB43EE6F662}.Release|x86.ActiveCfg = Release|x86
		{F7D040B7-6A73-44F0-AD66-0FB43EE6F662}.Release|x86.Build.0 = Release|x86
	EndGlobalSection
	GlobalSection(SolutionProperties) = preSolution
		HideSolutionNode = FALSE
	EndGlobalSection
	GlobalSection(NestedProjects) = preSolution
		{B64FB9F9-5EB0-45FD-8E3E-64F520981ECC} = {656EFE6F-A8E0-4805-BA9E-9DD9D6D0D831}
		{938CDAD4-D701-4280-A1F6-16F99FC8A5FF} = {656EFE6F-A8E0-4805-BA9E-9DD9D6D0D831}
		{8FEB83F6-549D-4C15-915E-90F31BD58D25} = {656EFE6F-A8E0-4805-BA9E-9DD9D6D0D831}
		{27D70ED9-060E-4A19-9066-B8A55E163EF0} = {656EFE6F-A8E0-4805-BA9E-9DD9D6D0D831}
		{B8FB333D-2584-4512-8811-7E7A7994CA1E} = {656EFE6F-A8E0-4805-BA9E-9DD9D6D0D831}
		{D1F0D8EC-3D33-4C19-B380-932BE9AB6F64} = {524B55B5-6696-43BC-BCFA-1105C7D74C51}
		{FA3FA9D2-3958-4F16-96C3-6A199339BD23} = {B64FB9F9-5EB0-45FD-8E3E-64F520981ECC}
		{3ADAAB62-4836-4E3F-87A7-68CBD28CFDFD} = {CE92C288-E715-4C81-AC6E-DECC5CB6F663}
		{872FDC7A-530C-46D9-B3A2-FBA63FE80AC5} = {CE92C288-E715-4C81-AC6E-DECC5CB6F663}
		{9D7BD01C-0B5E-4DA8-8751-703E32BE4A83} = {27D70ED9-060E-4A19-9066-B8A55E163EF0}
		{6933FBAC-E5A0-498D-BA9F-5193F2C8E69E} = {69495810-465D-4744-B1D5-E476F4FE054E}
		{462CA4AC-1714-4EA8-B425-FCE962384132} = {69495810-465D-4744-B1D5-E476F4FE054E}
		{B95979E7-1274-495B-BC4E-CAECDACCDA0F} = {69495810-465D-4744-B1D5-E476F4FE054E}
		{85F2BBCA-B4C2-4B32-8136-D5ED3D649F2E} = {69495810-465D-4744-B1D5-E476F4FE054E}
		{C08B990D-F9F6-4C36-8DAD-EDC34760D653} = {879B0B8D-5C48-4F63-98BB-013FEBED078D}
		{07E55AF5-E34B-4891-858F-42AFC9225B6D} = {879B0B8D-5C48-4F63-98BB-013FEBED078D}
		{696D21EF-0A78-4AC4-91C9-313852B2E3CB} = {879B0B8D-5C48-4F63-98BB-013FEBED078D}
		{60384BC1-5B97-4B56-81AD-832DC6029C6E} = {879B0B8D-5C48-4F63-98BB-013FEBED078D}
		{58D0E1EA-F714-43B5-B1D1-62CD4F05DFC7} = {C08B990D-F9F6-4C36-8DAD-EDC34760D653}
		{17042D16-F44F-48DD-979D-48139B6D288B} = {58D0E1EA-F714-43B5-B1D1-62CD4F05DFC7}
		{DAF4A8C7-F1C3-4DD8-8093-107B035C9274} = {58D0E1EA-F714-43B5-B1D1-62CD4F05DFC7}
		{8537871C-2089-4F5A-A295-4C03839616C8} = {17042D16-F44F-48DD-979D-48139B6D288B}
		{D6FBD016-53F1-4ECD-806E-EDFDBF6B6D7B} = {3ADAAB62-4836-4E3F-87A7-68CBD28CFDFD}
		{F7D040B7-6A73-44F0-AD66-0FB43EE6F662} = {872FDC7A-530C-46D9-B3A2-FBA63FE80AC5}
		{77F42E7B-111B-4967-93FC-105AD8401182} = {696D21EF-0A78-4AC4-91C9-313852B2E3CB}
	EndGlobalSection
EndGlobal
