
Microsoft Visual Studio Solution File, Format Version 11.00
# Visual Studio 2010
Project("{FAE04EC0-301F-11D3-BF4B-00C04F79EFBC}") = "EntityFrameworkWithSQLCompactDB", "SDFDemo\EntityFrameworkWithSQLCompactDB.csproj", "{FA3FA9D2-3958-4F16-96C3-6A199339BD23}"
EndProject
Project("{2150E333-8FDC-42A3-9474-1A3956D46DE8}") = "SQLite", "SQLite", "{524B55B5-6696-43BC-BCFA-1105C7D74C51}"
EndProject
Project("{2150E333-8FDC-42A3-9474-1A3956D46DE8}") = "SQL Server Compact Edition", "SQL Server Compact Edition", "{656EFE6F-A8E0-4805-BA9E-9DD9D6D0D831}"
EndProject
Project("{2150E333-8FDC-42A3-9474-1A3956D46DE8}") = "My SQL", "My SQL", "{CE92C288-E715-4C81-AC6E-DECC5CB6F663}"
EndProject
Project("{2150E333-8FDC-42A3-9474-1A3956D46DE8}") = "Firebird", "Firebird", "{1385D524-DA28-4B0F-9FDC-4819A13F7D88}"
EndProject
Project("{2150E333-8FDC-42A3-9474-1A3956D46DE8}") = "EntityFramework", "EntityFramework", "{B64FB9F9-5EB0-45FD-8E3E-64F520981ECC}"
EndProject
Project("{2150E333-8FDC-42A3-9474-1A3956D46DE8}") = "LinqToSql", "LinqToSql", "{938CDAD4-D701-4280-A1F6-16F99FC8A5FF}"
EndProject
Project("{2150E333-8FDC-42A3-9474-1A3956D46DE8}") = "SubsSonic", "SubsSonic", "{8FEB83F6-549D-4C15-915E-90F31BD58D25}"
EndProject
Project("{2150E333-8FDC-42A3-9474-1A3956D46DE8}") = "BLToolkit", "BLToolkit", "{27D70ED9-060E-4A19-9066-B8A55E163EF0}"
EndProject
Project("{2150E333-8FDC-42A3-9474-1A3956D46DE8}") = "NHibernet", "NHibernet", "{B8FB333D-2584-4512-8811-7E7A7994CA1E}"
EndProject
Project("{2150E333-8FDC-42A3-9474-1A3956D46DE8}") = "Oracle", "Oracle", "{4653D52F-6C86-4241-B62D-30C60CF8FC02}"
EndProject
Project("{2150E333-8FDC-42A3-9474-1A3956D46DE8}") = "Portage", "Portage", "{90F92733-7F17-48DE-802A-48D96762562C}"
EndProject
Project("{2150E333-8FDC-42A3-9474-1A3956D46DE8}") = "PostgreSQL", "PostgreSQL", "{2BB49ADB-D69C-43BA-9699-AD5FC5C2A8F5}"
EndProject
Project("{2150E333-8FDC-42A3-9474-1A3956D46DE8}") = "SQLServer", "SQLServer", "{A1D10F47-95C4-4F4D-BE6A-BE1BC130851B}"
EndProject
Project("{2150E333-8FDC-42A3-9474-1A3956D46DE8}") = "EntityFramework", "EntityFramework", "{D1F0D8EC-3D33-4C19-B380-932BE9AB6F64}"
EndProject
Global
	GlobalSection(SolutionConfigurationPlatforms) = preSolution
		Debug|x86 = Debug|x86
		Release|x86 = Release|x86
	EndGlobalSection
	GlobalSection(ProjectConfigurationPlatforms) = postSolution
		{FA3FA9D2-3958-4F16-96C3-6A199339BD23}.Debug|x86.ActiveCfg = Debug|x86
		{FA3FA9D2-3958-4F16-96C3-6A199339BD23}.Debug|x86.Build.0 = Debug|x86
		{FA3FA9D2-3958-4F16-96C3-6A199339BD23}.Release|x86.ActiveCfg = Release|x86
		{FA3FA9D2-3958-4F16-96C3-6A199339BD23}.Release|x86.Build.0 = Release|x86
	EndGlobalSection
	GlobalSection(SolutionProperties) = preSolution
		HideSolutionNode = FALSE
	EndGlobalSection
	GlobalSection(NestedProjects) = preSolution
		{D1F0D8EC-3D33-4C19-B380-932BE9AB6F64} = {524B55B5-6696-43BC-BCFA-1105C7D74C51}
		{B64FB9F9-5EB0-45FD-8E3E-64F520981ECC} = {656EFE6F-A8E0-4805-BA9E-9DD9D6D0D831}
		{938CDAD4-D701-4280-A1F6-16F99FC8A5FF} = {656EFE6F-A8E0-4805-BA9E-9DD9D6D0D831}
		{8FEB83F6-549D-4C15-915E-90F31BD58D25} = {656EFE6F-A8E0-4805-BA9E-9DD9D6D0D831}
		{27D70ED9-060E-4A19-9066-B8A55E163EF0} = {656EFE6F-A8E0-4805-BA9E-9DD9D6D0D831}
		{B8FB333D-2584-4512-8811-7E7A7994CA1E} = {656EFE6F-A8E0-4805-BA9E-9DD9D6D0D831}
		{FA3FA9D2-3958-4F16-96C3-6A199339BD23} = {B64FB9F9-5EB0-45FD-8E3E-64F520981ECC}
	EndGlobalSection
EndGlobal
